
Microsoft Visual Studio Solution File, Format Version 12.00
# Visual Studio Version 16
VisualStudioVersion = 16.0.29905.134
MinimumVisualStudioVersion = 10.0.40219.1
Project("{888888A0-9F3D-457C-B088-3A5042F75D52}") = "Complier_task1", "Complier_task1.pyproj", "{4DF9D332-9451-4244-98F7-BC6EB50F5081}"
EndProject
Global
	GlobalSection(SolutionConfigurationPlatforms) = preSolution
		Debug|Any CPU = Debug|Any CPU
		Release|Any CPU = Release|Any CPU
	EndGlobalSection
	GlobalSection(ProjectConfigurationPlatforms) = postSolution
		{4DF9D332-9451-4244-98F7-BC6EB50F5081}.Debug|Any CPU.ActiveCfg = Debug|Any CPU
		{4DF9D332-9451-4244-98F7-BC6EB50F5081}.Release|Any CPU.ActiveCfg = Release|Any CPU
	EndGlobalSection
	GlobalSection(SolutionProperties) = preSolution
		HideSolutionNode = FALSE
	EndGlobalSection
	GlobalSection(ExtensibilityGlobals) = postSolution
		SolutionGuid = {4226C8D9-1810-41A5-84BC-99CB657163A7}
	EndGlobalSection
EndGlobal
